lockfileVersion: '9.0'

# ─────────────────────────────────────────────────────────────────────────────
# This lockfile is generated by pnpm.
# Run `pnpm install` locally to populate it after cloning the repository.
# ─────────────────────────────────────────────────────────────────────────────

settings:
  autoInstallPeers: true
  excludeLinksFromLockfile: false
